Microsoft Visual Studio Solution File, Format Version 12.00
# Visual Studio Version 17
VisualStudioVersion = 17.5.2.0
MinimumVisualStudioVersion = 10.0.40219.1
Project("{FAE04EC0-301F-11D3-BF4B-00C04F79EFBC}") = "program000-zakladni-kod", "program000a-zakladni-kod\program000-zakladni-kod.csproj", "{3CA8A487-6EAA-8472-B847-6E94F879B96D}"
EndProject
Global
	GlobalSection(SolutionConfigurationPlatforms) = preSolution
		Debug|Any CPU = Debug|Any CPU
		Release|Any CPU = Release|Any CPU
	EndGlobalSection
	GlobalSection(ProjectConfigurationPlatforms) = postSolution
		{3CA8A487-6EAA-8472-B847-6E94F879B96D}.Debug|Any CPU.ActiveCfg = Debug|Any CPU
		{3CA8A487-6EAA-8472-B847-6E94F879B96D}.Debug|Any CPU.Build.0 = Debug|Any CPU
		{3CA8A487-6EAA-8472-B847-6E94F879B96D}.Release|Any CPU.ActiveCfg = Release|Any CPU
		{3CA8A487-6EAA-8472-B847-6E94F879B96D}.Release|Any CPU.Build.0 = Release|Any CPU
	EndGlobalSection
	GlobalSection(SolutionProperties) = preSolution
		HideSolutionNode = FALSE
	EndGlobalSection
	GlobalSection(ExtensibilityGlobals) = postSolution
		SolutionGuid = {A48BEC9A-5C7C-4D5D-9FB3-A2069A9B0538}
	EndGlobalSection
EndGlobal
